// !$*UTF8*$!
{
	archiveVersion = 1;
	classes = {
	};
	objectVersion = 46;
	objects = {

/* Begin PBXBuildFile section */
		7F0C721A1D6F762000D8D99D /* PDFGenerator.swift in Sources */ = {isa = PBXBuildFile; fileRef = 7F0C72191D6F762000D8D99D /* PDFGenerator.swift */; };
		7F1DFD7A1D57B4060026AC19 /* CreateNewPlayerViewController.swift in Sources */ = {isa = PBXBuildFile; fileRef = 7F1DFD791D57B4060026AC19 /* CreateNewPlayerViewController.swift */; };
		7F1DFD7C1D5900CF0026AC19 /* PlayerDetailTableTableViewController.swift in Sources */ = {isa = PBXBuildFile; fileRef = 7F1DFD7B1D5900CF0026AC19 /* PlayerDetailTableTableViewController.swift */; };
		7F1DFD801D63B9C50026AC19 /* EloCalculator.swift in Sources */ = {isa = PBXBuildFile; fileRef = 7F1DFD7F1D63B9C50026AC19 /* EloCalculator.swift */; };
		7F49DAFD1D6D2AD300BB0EBE /* Event.swift in Sources */ = {isa = PBXBuildFile; fileRef = 7F49DAFC1D6D2AD300BB0EBE /* Event.swift */; };
		7F49DAFF1D6D2D4B00BB0EBE /* InlineDatePicker.swift in Sources */ = {isa = PBXBuildFile; fileRef = 7F49DAFE1D6D2D4B00BB0EBE /* InlineDatePicker.swift */; };
		7F6759AB1D52A63D00CD66E2 /* ClubCreationViewController.swift in Sources */ = {isa = PBXBuildFile; fileRef = 7F6759AA1D52A63D00CD66E2 /* ClubCreationViewController.swift */; };
		7FBDCF651D4F9C90007B6B66 /* AppDelegate.swift in Sources */ = {isa = PBXBuildFile; fileRef = 7FBDCF641D4F9C90007B6B66 /* AppDelegate.swift */; };
		7FBDCF6A1D4F9C90007B6B66 /* Main.storyboard in Resources */ = {isa = PBXBuildFile; fileRef = 7FBDCF681D4F9C90007B6B66 /* Main.storyboard */; };
		7FBDCF6C1D4F9C90007B6B66 /* Assets.xcassets in Resources */ = {isa = PBXBuildFile; fileRef = 7FBDCF6B1D4F9C90007B6B66 /* Assets.xcassets */; };
		7FBDCF6F1D4F9C90007B6B66 /* LaunchScreen.storyboard in Resources */ = {isa = PBXBuildFile; fileRef = 7FBDCF6D1D4F9C90007B6B66 /* LaunchScreen.storyboard */; };
		7FBDCF7A1D4F9C90007B6B66 /* Grouped_TableviewcellsTests.swift in Sources */ = {isa = PBXBuildFile; fileRef = 7FBDCF791D4F9C90007B6B66 /* Grouped_TableviewcellsTests.swift */; };
		7FBDCF851D4F9C90007B6B66 /* Grouped_TableviewcellsUITests.swift in Sources */ = {isa = PBXBuildFile; fileRef = 7FBDCF841D4F9C90007B6B66 /* Grouped_TableviewcellsUITests.swift */; };
		7FBDCF951D4FEC4C007B6B66 /* ScoringTableViewController.swift in Sources */ = {isa = PBXBuildFile; fileRef = 7FBDCF941D4FEC4C007B6B66 /* ScoringTableViewController.swift */; };
		7FBDCF971D4FEE89007B6B66 /* PlayerOneSelectorTableViewController.swift in Sources */ = {isa = PBXBuildFile; fileRef = 7FBDCF961D4FEE89007B6B66 /* PlayerOneSelectorTableViewController.swift */; };
		7FBDCF991D4FEEB5007B6B66 /* PlayerTwoSelectorTableViewController.swift in Sources */ = {isa = PBXBuildFile; fileRef = 7FBDCF981D4FEEB5007B6B66 /* PlayerTwoSelectorTableViewController.swift */; };
		7FBDCF9F1D4FF05B007B6B66 /* mmBusinessObject.swift in Sources */ = {isa = PBXBuildFile; fileRef = 7FBDCF9E1D4FF05B007B6B66 /* mmBusinessObject.swift */; };
		7FBDCFA11D4FF0DA007B6B66 /* ABusinessObject.swift in Sources */ = {isa = PBXBuildFile; fileRef = 7FBDCFA01D4FF0DA007B6B66 /* ABusinessObject.swift */; };
		7FBDCFA71D4FF1BA007B6B66 /* groupedTableviewCells.xcdatamodeld in Sources */ = {isa = PBXBuildFile; fileRef = 7FBDCFA51D4FF1BA007B6B66 /* groupedTableviewCells.xcdatamodeld */; };
		7FBDCFB11D500AA2007B6B66 /* ClubMatchRecord.swift in Sources */ = {isa = PBXBuildFile; fileRef = 7FBDCFA91D500AA2007B6B66 /* ClubMatchRecord.swift */; };
		7FBDCFB31D500AA2007B6B66 /* PlayerInfo.swift in Sources */ = {isa = PBXBuildFile; fileRef = 7FBDCFAB1D500AA2007B6B66 /* PlayerInfo.swift */; };
		7FBDCFB51D500AA2007B6B66 /* Club.swift in Sources */ = {isa = PBXBuildFile; fileRef = 7FBDCFAD1D500AA2007B6B66 /* Club.swift */; };
		7FBDCFB71D500AA2007B6B66 /* PlayerMatchRecord.swift in Sources */ = {isa = PBXBuildFile; fileRef = 7FBDCFAF1D500AA2007B6B66 /* PlayerMatchRecord.swift */; };
		7FBDCFB91D500B80007B6B66 /* PlayerInfoEntity.swift in Sources */ = {isa = PBXBuildFile; fileRef = 7FBDCFB81D500B80007B6B66 /* PlayerInfoEntity.swift */; };
		7FBDCFBB1D500CC1007B6B66 /* ClubEntity.swift in Sources */ = {isa = PBXBuildFile; fileRef = 7FBDCFBA1D500CC1007B6B66 /* ClubEntity.swift */; };
		7FBDCFBD1D500D40007B6B66 /* PlayerMatchRecordEntity.swift in Sources */ = {isa = PBXBuildFile; fileRef = 7FBDCFBC1D500D40007B6B66 /* PlayerMatchRecordEntity.swift */; };
		7FBDCFBF1D500DE0007B6B66 /* ClubMatchRecordEntity.swift in Sources */ = {isa = PBXBuildFile; fileRef = 7FBDCFBE1D500DE0007B6B66 /* ClubMatchRecordEntity.swift */; };
		7FBDCFC51D500F8D007B6B66 /* ClubPlayersTableViewController.swift in Sources */ = {isa = PBXBuildFile; fileRef = 7FBDCFC41D500F8D007B6B66 /* ClubPlayersTableViewController.swift */; };
		7FBDCFC71D501731007B6B66 /* ClubListTableViewController.swift in Sources */ = {isa = PBXBuildFile; fileRef = 7FBDCFC61D501731007B6B66 /* ClubListTableViewController.swift */; };
/* End PBXBuildFile section */

/* Begin PBXContainerItemProxy section */
		7FBDCF761D4F9C90007B6B66 /* PBXContainerItemProxy */ = {
			isa = PBXContainerItemProxy;
			containerPortal = 7FBDCF591D4F9C8F007B6B66 /* Project object */;
			proxyType = 1;
			remoteGlobalIDString = 7FBDCF601D4F9C8F007B6B66;
			remoteInfo = "Grouped Tableviewcells";
		};
		7FBDCF811D4F9C90007B6B66 /* PBXContainerItemProxy */ = {
			isa = PBXContainerItemProxy;
			containerPortal = 7FBDCF591D4F9C8F007B6B66 /* Project object */;
			proxyType = 1;
			remoteGlobalIDString = 7FBDCF601D4F9C8F007B6B66;
			remoteInfo = "Grouped Tableviewcells";
		};
/* End PBXContainerItemProxy section */

/* Begin PBXFileReference section */
		7F0C72191D6F762000D8D99D /* PDFGenerator.swift */ = {isa = PBXFileReference; fileEncoding = 4; lastKnownFileType = sourcecode.swift; path = PDFGenerator.swift; sourceTree = "<group>"; };
		7F1DFD791D57B4060026AC19 /* CreateNewPlayerViewController.swift */ = {isa = PBXFileReference; fileEncoding = 4; lastKnownFileType = sourcecode.swift; path = CreateNewPlayerViewController.swift; sourceTree = "<group>"; };
		7F1DFD7B1D5900CF0026AC19 /* PlayerDetailTableTableViewController.swift */ = {isa = PBXFileReference; fileEncoding = 4; lastKnownFileType = sourcecode.swift; path = PlayerDetailTableTableViewController.swift; sourceTree = "<group>"; };
		7F1DFD7F1D63B9C50026AC19 /* EloCalculator.swift */ = {isa = PBXFileReference; fileEncoding = 4; lastKnownFileType = sourcecode.swift; path = EloCalculator.swift; sourceTree = "<group>"; };
		7F49DAFC1D6D2AD300BB0EBE /* Event.swift */ = {isa = PBXFileReference; fileEncoding = 4; lastKnownFileType = sourcecode.swift; path = Event.swift; sourceTree = "<group>"; };
		7F49DAFE1D6D2D4B00BB0EBE /* InlineDatePicker.swift */ = {isa = PBXFileReference; fileEncoding = 4; lastKnownFileType = sourcecode.swift; path = InlineDatePicker.swift; sourceTree = "<group>"; };
		7F6759AA1D52A63D00CD66E2 /* ClubCreationViewController.swift */ = {isa = PBXFileReference; fileEncoding = 4; lastKnownFileType = sourcecode.swift; path = ClubCreationViewController.swift; sourceTree = "<group>"; };
		7FBDCF611D4F9C8F007B6B66 /* Grouped Tableviewcells.app */ = {isa = PBXFileReference; explicitFileType = wrapper.application; includeInIndex = 0; path = "Grouped Tableviewcells.app"; sourceTree = BUILT_PRODUCTS_DIR; };
		7FBDCF641D4F9C90007B6B66 /* AppDelegate.swift */ = {isa = PBXFileReference; lastKnownFileType = sourcecode.swift; path = AppDelegate.swift; sourceTree = "<group>"; };
		7FBDCF691D4F9C90007B6B66 /* Base */ = {isa = PBXFileReference; lastKnownFileType = file.storyboard; name = Base; path = Base.lproj/Main.storyboard; sourceTree = "<group>"; };
		7FBDCF6B1D4F9C90007B6B66 /* Assets.xcassets */ = {isa = PBXFileReference; lastKnownFileType = folder.assetcatalog; path = Assets.xcassets; sourceTree = "<group>"; };
		7FBDCF6E1D4F9C90007B6B66 /* Base */ = {isa = PBXFileReference; lastKnownFileType = file.storyboard; name = Base; path = Base.lproj/LaunchScreen.storyboard; sourceTree = "<group>"; };
		7FBDCF701D4F9C90007B6B66 /* Info.plist */ = {isa = PBXFileReference; lastKnownFileType = text.plist.xml; path = Info.plist; sourceTree = "<group>"; };
		7FBDCF751D4F9C90007B6B66 /* Grouped TableviewcellsTests.xctest */ = {isa = PBXFileReference; explicitFileType = wrapper.cfbundle; includeInIndex = 0; path = "Grouped TableviewcellsTests.xctest"; sourceTree = BUILT_PRODUCTS_DIR; };
		7FBDCF791D4F9C90007B6B66 /* Grouped_TableviewcellsTests.swift */ = {isa = PBXFileReference; lastKnownFileType = sourcecode.swift; path = Grouped_TableviewcellsTests.swift; sourceTree = "<group>"; };
		7FBDCF7B1D4F9C90007B6B66 /* Info.plist */ = {isa = PBXFileReference; lastKnownFileType = text.plist.xml; path = Info.plist; sourceTree = "<group>"; };
		7FBDCF801D4F9C90007B6B66 /* Grouped TableviewcellsUITests.xctest */ = {isa = PBXFileReference; explicitFileType = wrapper.cfbundle; includeInIndex = 0; path = "Grouped TableviewcellsUITests.xctest"; sourceTree = BUILT_PRODUCTS_DIR; };
		7FBDCF841D4F9C90007B6B66 /* Grouped_TableviewcellsUITests.swift */ = {isa = PBXFileReference; lastKnownFileType = sourcecode.swift; path = Grouped_TableviewcellsUITests.swift; sourceTree = "<group>"; };
		7FBDCF861D4F9C90007B6B66 /* Info.plist */ = {isa = PBXFileReference; lastKnownFileType = text.plist.xml; path = Info.plist; sourceTree = "<group>"; };
		7FBDCF941D4FEC4C007B6B66 /* ScoringTableViewController.swift */ = {isa = PBXFileReference; fileEncoding = 4; lastKnownFileType = sourcecode.swift; name = ScoringTableViewController.swift; path = "Grouped Tableviewcells/ScoringTableViewController.swift"; sourceTree = "<group>"; };
		7FBDCF961D4FEE89007B6B66 /* PlayerOneSelectorTableViewController.swift */ = {isa = PBXFileReference; fileEncoding = 4; lastKnownFileType = sourcecode.swift; name = PlayerOneSelectorTableViewController.swift; path = "Grouped Tableviewcells/PlayerOneSelectorTableViewController.swift"; sourceTree = "<group>"; };
		7FBDCF981D4FEEB5007B6B66 /* PlayerTwoSelectorTableViewController.swift */ = {isa = PBXFileReference; fileEncoding = 4; lastKnownFileType = sourcecode.swift; name = PlayerTwoSelectorTableViewController.swift; path = "Grouped Tableviewcells/PlayerTwoSelectorTableViewController.swift"; sourceTree = "<group>"; };
		7FBDCF9E1D4FF05B007B6B66 /* mmBusinessObject.swift */ = {isa = PBXFileReference; fileEncoding = 4; lastKnownFileType = sourcecode.swift; path = mmBusinessObject.swift; sourceTree = "<group>"; };
		7FBDCFA01D4FF0DA007B6B66 /* ABusinessObject.swift */ = {isa = PBXFileReference; fileEncoding = 4; lastKnownFileType = sourcecode.swift; path = ABusinessObject.swift; sourceTree = "<group>"; };
		7FBDCFA61D4FF1BA007B6B66 /* groupedTableviewCells.xcdatamodel */ = {isa = PBXFileReference; lastKnownFileType = wrapper.xcdatamodel; path = groupedTableviewCells.xcdatamodel; sourceTree = "<group>"; };
		7FBDCFA91D500AA2007B6B66 /* ClubMatchRecord.swift */ = {isa = PBXFileReference; fileEncoding = 4; lastKnownFileType = sourcecode.swift; path = ClubMatchRecord.swift; sourceTree = "<group>"; };
		7FBDCFAB1D500AA2007B6B66 /* PlayerInfo.swift */ = {isa = PBXFileReference; fileEncoding = 4; lastKnownFileType = sourcecode.swift; path = PlayerInfo.swift; sourceTree = "<group>"; };
		7FBDCFAD1D500AA2007B6B66 /* Club.swift */ = {isa = PBXFileReference; fileEncoding = 4; lastKnownFileType = sourcecode.swift; path = Club.swift; sourceTree = "<group>"; };
		7FBDCFAF1D500AA2007B6B66 /* PlayerMatchRecord.swift */ = {isa = PBXFileReference; fileEncoding = 4; lastKnownFileType = sourcecode.swift; path = PlayerMatchRecord.swift; sourceTree = "<group>"; };
		7FBDCFB81D500B80007B6B66 /* PlayerInfoEntity.swift */ = {isa = PBXFileReference; fileEncoding = 4; lastKnownFileType = sourcecode.swift; path = PlayerInfoEntity.swift; sourceTree = "<group>"; };
		7FBDCFBA1D500CC1007B6B66 /* ClubEntity.swift */ = {isa = PBXFileReference; fileEncoding = 4; lastKnownFileType = sourcecode.swift; path = ClubEntity.swift; sourceTree = "<group>"; };
		7FBDCFBC1D500D40007B6B66 /* PlayerMatchRecordEntity.swift */ = {isa = PBXFileReference; fileEncoding = 4; lastKnownFileType = sourcecode.swift; path = PlayerMatchRecordEntity.swift; sourceTree = "<group>"; };
		7FBDCFBE1D500DE0007B6B66 /* ClubMatchRecordEntity.swift */ = {isa = PBXFileReference; fileEncoding = 4; lastKnownFileType = sourcecode.swift; path = ClubMatchRecordEntity.swift; sourceTree = "<group>"; };
		7FBDCFC41D500F8D007B6B66 /* ClubPlayersTableViewController.swift */ = {isa = PBXFileReference; fileEncoding = 4; lastKnownFileType = sourcecode.swift; path = ClubPlayersTableViewController.swift; sourceTree = "<group>"; };
		7FBDCFC61D501731007B6B66 /* ClubListTableViewController.swift */ = {isa = PBXFileReference; fileEncoding = 4; lastKnownFileType = sourcecode.swift; path = ClubListTableViewController.swift; sourceTree = "<group>"; };
/* End PBXFileReference section */

/* Begin PBXFrameworksBuildPhase section */
		7FBDCF5E1D4F9C8F007B6B66 /* Frameworks */ = {
			isa = PBXFrameworksBuildPhase;
			buildActionMask = 2147483647;
			files = (
			);
			runOnlyForDeploymentPostprocessing = 0;
		};
		7FBDCF721D4F9C90007B6B66 /* Frameworks */ = {
			isa = PBXFrameworksBuildPhase;
			buildActionMask = 2147483647;
			files = (
			);
			runOnlyForDeploymentPostprocessing = 0;
		};
		7FBDCF7D1D4F9C90007B6B66 /* Frameworks */ = {
			isa = PBXFrameworksBuildPhase;
			buildActionMask = 2147483647;
			files = (
			);
			runOnlyForDeploymentPostprocessing = 0;
		};
/* End PBXFrameworksBuildPhase section */

/* Begin PBXGroup section */
		7F1DFD7E1D63B9A10026AC19 /* EloCalculator */ = {
			isa = PBXGroup;
			children = (
				7F1DFD7F1D63B9C50026AC19 /* EloCalculator.swift */,
			);
			name = EloCalculator;
			sourceTree = "<group>";
		};
		7F1DFD811D63B9E20026AC19 /* PlayerScoringVC */ = {
			isa = PBXGroup;
			children = (
				7FBDCF961D4FEE89007B6B66 /* PlayerOneSelectorTableViewController.swift */,
				7FBDCF981D4FEEB5007B6B66 /* PlayerTwoSelectorTableViewController.swift */,
			);
			name = PlayerScoringVC;
			sourceTree = "<group>";
		};
		7F49DAFB1D6D2ABA00BB0EBE /* DatePIcker */ = {
			isa = PBXGroup;
			children = (
				7F49DAFC1D6D2AD300BB0EBE /* Event.swift */,
				7F49DAFE1D6D2D4B00BB0EBE /* InlineDatePicker.swift */,
			);
			name = DatePIcker;
			sourceTree = "<group>";
		};
		7FBDCF581D4F9C8F007B6B66 = {
			isa = PBXGroup;
			children = (
				7F0C72191D6F762000D8D99D /* PDFGenerator.swift */,
				7F49DAFB1D6D2ABA00BB0EBE /* DatePIcker */,
				7FBDCF631D4F9C8F007B6B66 /* Grouped Tableviewcells */,
				7F1DFD7E1D63B9A10026AC19 /* EloCalculator */,
				7FBDCFC11D500F07007B6B66 /* Business Layer */,
				7FBDCFC01D500EDB007B6B66 /* Views */,
				7FBDCF9B1D4FF002007B6B66 /* Coredata */,
				7FBDCF781D4F9C90007B6B66 /* Grouped TableviewcellsTests */,
				7FBDCF831D4F9C90007B6B66 /* Grouped TableviewcellsUITests */,
				7FBDCF621D4F9C8F007B6B66 /* Products */,
			);
			sourceTree = "<group>";
		};
		7FBDCF621D4F9C8F007B6B66 /* Products */ = {
			isa = PBXGroup;
			children = (
				7FBDCF611D4F9C8F007B6B66 /* Grouped Tableviewcells.app */,
				7FBDCF751D4F9C90007B6B66 /* Grouped TableviewcellsTests.xctest */,
				7FBDCF801D4F9C90007B6B66 /* Grouped TableviewcellsUITests.xctest */,
			);
			name = Products;
			sourceTree = "<group>";
		};
		7FBDCF631D4F9C8F007B6B66 /* Grouped Tableviewcells */ = {
			isa = PBXGroup;
			children = (
				7FBDCF641D4F9C90007B6B66 /* AppDelegate.swift */,
				7FBDCF681D4F9C90007B6B66 /* Main.storyboard */,
				7FBDCF6B1D4F9C90007B6B66 /* Assets.xcassets */,
				7FBDCF6D1D4F9C90007B6B66 /* LaunchScreen.storyboard */,
				7FBDCF701D4F9C90007B6B66 /* Info.plist */,
			);
			path = "Grouped Tableviewcells";
			sourceTree = "<group>";
		};
		7FBDCF781D4F9C90007B6B66 /* Grouped TableviewcellsTests */ = {
			isa = PBXGroup;
			children = (
				7FBDCF791D4F9C90007B6B66 /* Grouped_TableviewcellsTests.swift */,
				7FBDCF7B1D4F9C90007B6B66 /* Info.plist */,
			);
			path = "Grouped TableviewcellsTests";
			sourceTree = "<group>";
		};
		7FBDCF831D4F9C90007B6B66 /* Grouped TableviewcellsUITests */ = {
			isa = PBXGroup;
			children = (
				7FBDCF841D4F9C90007B6B66 /* Grouped_TableviewcellsUITests.swift */,
				7FBDCF861D4F9C90007B6B66 /* Info.plist */,
			);
			path = "Grouped TableviewcellsUITests";
			sourceTree = "<group>";
		};
		7FBDCF9B1D4FF002007B6B66 /* Coredata */ = {
			isa = PBXGroup;
			children = (
			);
			name = Coredata;
			sourceTree = "<group>";
		};
		7FBDCFC01D500EDB007B6B66 /* Views */ = {
			isa = PBXGroup;
			children = (
				7FBDCF941D4FEC4C007B6B66 /* ScoringTableViewController.swift */,
				7FBDCFC41D500F8D007B6B66 /* ClubPlayersTableViewController.swift */,
				7FBDCFC61D501731007B6B66 /* ClubListTableViewController.swift */,
				7F6759AA1D52A63D00CD66E2 /* ClubCreationViewController.swift */,
				7F1DFD791D57B4060026AC19 /* CreateNewPlayerViewController.swift */,
				7F1DFD7B1D5900CF0026AC19 /* PlayerDetailTableTableViewController.swift */,
				7F1DFD811D63B9E20026AC19 /* PlayerScoringVC */,
			);
			name = Views;
			sourceTree = "<group>";
		};
		7FBDCFC11D500F07007B6B66 /* Business Layer */ = {
			isa = PBXGroup;
			children = (
				7FBDCFA51D4FF1BA007B6B66 /* groupedTableviewCells.xcdatamodeld */,
				7FBDCF9E1D4FF05B007B6B66 /* mmBusinessObject.swift */,
				7FBDCFA01D4FF0DA007B6B66 /* ABusinessObject.swift */,
				7FBDCFAB1D500AA2007B6B66 /* PlayerInfo.swift */,
				7FBDCFB81D500B80007B6B66 /* PlayerInfoEntity.swift */,
				7FBDCFAD1D500AA2007B6B66 /* Club.swift */,
				7FBDCFBA1D500CC1007B6B66 /* ClubEntity.swift */,
				7FBDCFAF1D500AA2007B6B66 /* PlayerMatchRecord.swift */,
				7FBDCFBC1D500D40007B6B66 /* PlayerMatchRecordEntity.swift */,
				7FBDCFA91D500AA2007B6B66 /* ClubMatchRecord.swift */,
				7FBDCFBE1D500DE0007B6B66 /* ClubMatchRecordEntity.swift */,
			);
			name = "Business Layer";
			sourceTree = "<group>";
		};
/* End PBXGroup section */

/* Begin PBXNativeTarget section */
		7FBDCF601D4F9C8F007B6B66 /* Grouped Tableviewcells */ = {
			isa = PBXNativeTarget;
			buildConfigurationList = 7FBDCF891D4F9C90007B6B66 /* Build configuration list for PBXNativeTarget "Grouped Tableviewcells" */;
			buildPhases = (
				7FBDCF5D1D4F9C8F007B6B66 /* Sources */,
				7FBDCF5E1D4F9C8F007B6B66 /* Frameworks */,
				7FBDCF5F1D4F9C8F007B6B66 /* Resources */,
			);
			buildRules = (
			);
			dependencies = (
			);
			name = "Grouped Tableviewcells";
			productName = "Grouped Tableviewcells";
			productReference = 7FBDCF611D4F9C8F007B6B66 /* Grouped Tableviewcells.app */;
			productType = "com.apple.product-type.application";
		};
		7FBDCF741D4F9C90007B6B66 /* Grouped TableviewcellsTests */ = {
			isa = PBXNativeTarget;
			buildConfigurationList = 7FBDCF8C1D4F9C90007B6B66 /* Build configuration list for PBXNativeTarget "Grouped TableviewcellsTests" */;
			buildPhases = (
				7FBDCF711D4F9C90007B6B66 /* Sources */,
				7FBDCF721D4F9C90007B6B66 /* Frameworks */,
				7FBDCF731D4F9C90007B6B66 /* Resources */,
			);
			buildRules = (
			);
			dependencies = (
				7FBDCF771D4F9C90007B6B66 /* PBXTargetDependency */,
			);
			name = "Grouped TableviewcellsTests";
			productName = "Grouped TableviewcellsTests";
			productReference = 7FBDCF751D4F9C90007B6B66 /* Grouped TableviewcellsTests.xctest */;
			productType = "com.apple.product-type.bundle.unit-test";
		};
		7FBDCF7F1D4F9C90007B6B66 /* Grouped TableviewcellsUITests */ = {
			isa = PBXNativeTarget;
			buildConfigurationList = 7FBDCF8F1D4F9C90007B6B66 /* Build configuration list for PBXNativeTarget "Grouped TableviewcellsUITests" */;
			buildPhases = (
				7FBDCF7C1D4F9C90007B6B66 /* Sources */,
				7FBDCF7D1D4F9C90007B6B66 /* Frameworks */,
				7FBDCF7E1D4F9C90007B6B66 /* Resources */,
			);
			buildRules = (
			);
			dependencies = (
				7FBDCF821D4F9C90007B6B66 /* PBXTargetDependency */,
			);
			name = "Grouped TableviewcellsUITests";
			productName = "Grouped TableviewcellsUITests";
			productReference = 7FBDCF801D4F9C90007B6B66 /* Grouped TableviewcellsUITests.xctest */;
			productType = "com.apple.product-type.bundle.ui-testing";
		};
/* End PBXNativeTarget section */

/* Begin PBXProject section */
		7FBDCF591D4F9C8F007B6B66 /* Project object */ = {
			isa = PBXProject;
			attributes = {
				LastSwiftUpdateCheck = 0730;
				LastUpgradeCheck = 0730;
				ORGANIZATIONNAME = "Chris Stromberg";
				TargetAttributes = {
					7FBDCF601D4F9C8F007B6B66 = {
						CreatedOnToolsVersion = 7.3.1;
					};
					7FBDCF741D4F9C90007B6B66 = {
						CreatedOnToolsVersion = 7.3.1;
						TestTargetID = 7FBDCF601D4F9C8F007B6B66;
					};
					7FBDCF7F1D4F9C90007B6B66 = {
						CreatedOnToolsVersion = 7.3.1;
						TestTargetID = 7FBDCF601D4F9C8F007B6B66;
					};
				};
			};
			buildConfigurationList = 7FBDCF5C1D4F9C8F007B6B66 /* Build configuration list for PBXProject "Grouped Tableviewcells" */;
			compatibilityVersion = "Xcode 3.2";
			developmentRegion = English;
			hasScannedForEncodings = 0;
			knownRegions = (
				en,
				Base,
			);
			mainGroup = 7FBDCF581D4F9C8F007B6B66;
			productRefGroup = 7FBDCF621D4F9C8F007B6B66 /* Products */;
			projectDirPath = "";
			projectRoot = "";
			targets = (
				7FBDCF601D4F9C8F007B6B66 /* Grouped Tableviewcells */,
				7FBDCF741D4F9C90007B6B66 /* Grouped TableviewcellsTests */,
				7FBDCF7F1D4F9C90007B6B66 /* Grouped TableviewcellsUITests */,
			);
		};
/* End PBXProject section */

/* Begin PBXResourcesBuildPhase section */
		7FBDCF5F1D4F9C8F007B6B66 /* Resources */ = {
			isa = PBXResourcesBuildPhase;
			buildActionMask = 2147483647;
			files = (
				7FBDCF6F1D4F9C90007B6B66 /* LaunchScreen.storyboard in Resources */,
				7FBDCF6C1D4F9C90007B6B66 /* Assets.xcassets in Resources */,
				7FBDCF6A1D4F9C90007B6B66 /* Main.storyboard in Resources */,
			);
			runOnlyForDeploymentPostprocessing = 0;
		};
		7FBDCF731D4F9C90007B6B66 /* Resources */ = {
			isa = PBXResourcesBuildPhase;
			buildActionMask = 2147483647;
			files = (
			);
			runOnlyForDeploymentPostprocessing = 0;
		};
		7FBDCF7E1D4F9C90007B6B66 /* Resources */ = {
			isa = PBXResourcesBuildPhase;
			buildActionMask = 2147483647;
			files = (
			);
			runOnlyForDeploymentPostprocessing = 0;
		};
/* End PBXResourcesBuildPhase section */

/* Begin PBXSourcesBuildPhase section */
		7FBDCF5D1D4F9C8F007B6B66 /* Sources */ = {
			isa = PBXSourcesBuildPhase;
			buildActionMask = 2147483647;
			files = (
				7FBDCFC71D501731007B6B66 /* ClubListTableViewController.swift in Sources */,
				7F1DFD7A1D57B4060026AC19 /* CreateNewPlayerViewController.swift in Sources */,
				7FBDCFB11D500AA2007B6B66 /* ClubMatchRecord.swift in Sources */,
				7F1DFD801D63B9C50026AC19 /* EloCalculator.swift in Sources */,
				7F6759AB1D52A63D00CD66E2 /* ClubCreationViewController.swift in Sources */,
				7FBDCFB31D500AA2007B6B66 /* PlayerInfo.swift in Sources */,
				7FBDCF991D4FEEB5007B6B66 /* PlayerTwoSelectorTableViewController.swift in Sources */,
				7F49DAFF1D6D2D4B00BB0EBE /* InlineDatePicker.swift in Sources */,
				7FBDCFA71D4FF1BA007B6B66 /* groupedTableviewCells.xcdatamodeld in Sources */,
				7FBDCFBF1D500DE0007B6B66 /* ClubMatchRecordEntity.swift in Sources */,
				7F1DFD7C1D5900CF0026AC19 /* PlayerDetailTableTableViewController.swift in Sources */,
				7FBDCF971D4FEE89007B6B66 /* PlayerOneSelectorTableViewController.swift in Sources */,
				7FBDCFB91D500B80007B6B66 /* PlayerInfoEntity.swift in Sources */,
				7F49DAFD1D6D2AD300BB0EBE /* Event.swift in Sources */,
				7F0C721A1D6F762000D8D99D /* PDFGenerator.swift in Sources */,
				7FBDCFA11D4FF0DA007B6B66 /* ABusinessObject.swift in Sources */,
				7FBDCF951D4FEC4C007B6B66 /* ScoringTableViewController.swift in Sources */,
				7FBDCF651D4F9C90007B6B66 /* AppDelegate.swift in Sources */,
				7FBDCFB51D500AA2007B6B66 /* Club.swift in Sources */,
				7FBDCF9F1D4FF05B007B6B66 /* mmBusinessObject.swift in Sources */,
				7FBDCFC51D500F8D007B6B66 /* ClubPlayersTableViewController.swift in Sources */,
				7FBDCFB71D500AA2007B6B66 /* PlayerMatchRecord.swift in Sources */,
				7FBDCFBB1D500CC1007B6B66 /* ClubEntity.swift in Sources */,
				7FBDCFBD1D500D40007B6B66 /* PlayerMatchRecordEntity.swift in Sources */,
			);
			runOnlyForDeploymentPostprocessing = 0;
		};
		7FBDCF711D4F9C90007B6B66 /* Sources */ = {
			isa = PBXSourcesBuildPhase;
			buildActionMask = 2147483647;
			files = (
				7FBDCF7A1D4F9C90007B6B66 /* Grouped_TableviewcellsTests.swift in Sources */,
			);
			runOnlyForDeploymentPostprocessing = 0;
		};
		7FBDCF7C1D4F9C90007B6B66 /* Sources */ = {
			isa = PBXSourcesBuildPhase;
			buildActionMask = 2147483647;
			files = (
				7FBDCF851D4F9C90007B6B66 /* Grouped_TableviewcellsUITests.swift in Sources */,
			);
			runOnlyForDeploymentPostprocessing = 0;
		};
/* End PBXSourcesBuildPhase section */

/* Begin PBXTargetDependency section */
		7FBDCF771D4F9C90007B6B66 /* PBXTargetDependency */ = {
			isa = PBXTargetDependency;
			target = 7FBDCF601D4F9C8F007B6B66 /* Grouped Tableviewcells */;
			targetProxy = 7FBDCF761D4F9C90007B6B66 /* PBXContainerItemProxy */;
		};
		7FBDCF821D4F9C90007B6B66 /* PBXTargetDependency */ = {
			isa = PBXTargetDependency;
			target = 7FBDCF601D4F9C8F007B6B66 /* Grouped Tableviewcells */;
			targetProxy = 7FBDCF811D4F9C90007B6B66 /* PBXContainerItemProxy */;
		};
/* End PBXTargetDependency section */

/* Begin PBXVariantGroup section */
		7FBDCF681D4F9C90007B6B66 /* Main.storyboard */ = {
			isa = PBXVariantGroup;
			children = (
				7FBDCF691D4F9C90007B6B66 /* Base */,
			);
			name = Main.storyboard;
			sourceTree = "<group>";
		};
		7FBDCF6D1D4F9C90007B6B66 /* LaunchScreen.storyboard */ = {
			isa = PBXVariantGroup;
			children = (
				7FBDCF6E1D4F9C90007B6B66 /* Base */,
			);
			name = LaunchScreen.storyboard;
			sourceTree = "<group>";
		};
/* End PBXVariantGroup section */

/* Begin XCBuildConfiguration section */
		7FBDCF871D4F9C90007B6B66 /* Debug */ = {
			isa = XCBuildConfiguration;
			buildSettings = {
				ALWAYS_SEARCH_USER_PATHS = NO;
				CLANG_ANALYZER_NONNULL = YES;
				CLANG_CXX_LANGUAGE_STANDARD = "gnu++0x";
				CLANG_CXX_LIBRARY = "libc++";
				CLANG_ENABLE_MODULES = YES;
				CLANG_ENABLE_OBJC_ARC = YES;
				CLANG_WARN_BOOL_CONVERSION = YES;
				CLANG_WARN_CONSTANT_CONVERSION = YES;
				CLANG_WARN_DIRECT_OBJC_ISA_USAGE = YES_ERROR;
				CLANG_WARN_EMPTY_BODY = YES;
				CLANG_WARN_ENUM_CONVERSION = YES;
				CLANG_WARN_INT_CONVERSION = YES;
				CLANG_WARN_OBJC_ROOT_CLASS = YES_ERROR;
				CLANG_WARN_UNREACHABLE_CODE = YES;
				CLANG_WARN__DUPLICATE_METHOD_MATCH = YES;
				"CODE_SIGN_IDENTITY[sdk=iphoneos*]" = "iPhone Developer";
				COPY_PHASE_STRIP = NO;
				DEBUG_INFORMATION_FORMAT = dwarf;
				ENABLE_STRICT_OBJC_MSGSEND = YES;
				ENABLE_TESTABILITY = YES;
				GCC_C_LANGUAGE_STANDARD = gnu99;
				GCC_DYNAMIC_NO_PIC = NO;
				GCC_NO_COMMON_BLOCKS = YES;
				GCC_OPTIMIZATION_LEVEL = 0;
				GCC_PREPROCESSOR_DEFINITIONS = (
					"DEBUG=1",
					"$(inherited)",
				);
				GCC_WARN_64_TO_32_BIT_CONVERSION = YES;
				GCC_WARN_ABOUT_RETURN_TYPE = YES_ERROR;
				GCC_WARN_UNDECLARED_SELECTOR = YES;
				GCC_WARN_UNINITIALIZED_AUTOS = YES_AGGRESSIVE;
				GCC_WARN_UNUSED_FUNCTION = YES;
				GCC_WARN_UNUSED_VARIABLE = YES;
				IPHONEOS_DEPLOYMENT_TARGET = 9.3;
				MTL_ENABLE_DEBUG_INFO = YES;
				ONLY_ACTIVE_ARCH = YES;
				SDKROOT = iphoneos;
				SWIFT_OPTIMIZATION_LEVEL = "-Onone";
				TARGETED_DEVICE_FAMILY = "1,2";
			};
			name = Debug;
		};
		7FBDCF881D4F9C90007B6B66 /* Release */ = {
			isa = XCBuildConfiguration;
			buildSettings = {
				ALWAYS_SEARCH_USER_PATHS = NO;
				CLANG_ANALYZER_NONNULL = YES;
				CLANG_CXX_LANGUAGE_STANDARD = "gnu++0x";
				CLANG_CXX_LIBRARY = "libc++";
				CLANG_ENABLE_MODULES = YES;
				CLANG_ENABLE_OBJC_ARC = YES;
				CLANG_WARN_BOOL_CONVERSION = YES;
				CLANG_WARN_CONSTANT_CONVERSION = YES;
				CLANG_WARN_DIRECT_OBJC_ISA_USAGE = YES_ERROR;
				CLANG_WARN_EMPTY_BODY = YES;
				CLANG_WARN_ENUM_CONVERSION = YES;
				CLANG_WARN_INT_CONVERSION = YES;
				CLANG_WARN_OBJC_ROOT_CLASS = YES_ERROR;
				CLANG_WARN_UNREACHABLE_CODE = YES;
				CLANG_WARN__DUPLICATE_METHOD_MATCH = YES;
				"CODE_SIGN_IDENTITY[sdk=iphoneos*]" = "iPhone Developer";
				COPY_PHASE_STRIP = NO;
				DEBUG_INFORMATION_FORMAT = "dwarf-with-dsym";
				ENABLE_NS_ASSERTIONS = NO;
				ENABLE_STRICT_OBJC_MSGSEND = YES;
				GCC_C_LANGUAGE_STANDARD = gnu99;
				GCC_NO_COMMON_BLOCKS = YES;
				GCC_WARN_64_TO_32_BIT_CONVERSION = YES;
				GCC_WARN_ABOUT_RETURN_TYPE = YES_ERROR;
				GCC_WARN_UNDECLARED_SELECTOR = YES;
				GCC_WARN_UNINITIALIZED_AUTOS = YES_AGGRESSIVE;
				GCC_WARN_UNUSED_FUNCTION = YES;
				GCC_WARN_UNUSED_VARIABLE = YES;
				IPHONEOS_DEPLOYMENT_TARGET = 9.3;
				MTL_ENABLE_DEBUG_INFO = NO;
				SDKROOT = iphoneos;
				TARGETED_DEVICE_FAMILY = "1,2";
				VALIDATE_PRODUCT = YES;
			};
			name = Release;
		};
		7FBDCF8A1D4F9C90007B6B66 /* Debug */ = {
			isa = XCBuildConfiguration;
			buildSettings = {
				ASSETCATALOG_COMPILER_APPICON_NAME = AppIcon;
				INFOPLIST_FILE = "Grouped Tableviewcells/Info.plist";
				LD_RUNPATH_SEARCH_PATHS = "$(inherited) @executable_path/Frameworks";
				PRODUCT_BUNDLE_IDENTIFIER = "com.chrisstromberg.Grouped-Tableviewcells";
				PRODUCT_NAME = "$(TARGET_NAME)";
			};
			name = Debug;
		};
		7FBDCF8B1D4F9C90007B6B66 /* Release */ = {
			isa = XCBuildConfiguration;
			buildSettings = {
				ASSETCATALOG_COMPILER_APPICON_NAME = AppIcon;
				INFOPLIST_FILE = "Grouped Tableviewcells/Info.plist";
				LD_RUNPATH_SEARCH_PATHS = "$(inherited) @executable_path/Frameworks";
				PRODUCT_BUNDLE_IDENTIFIER = "com.chrisstromberg.Grouped-Tableviewcells";
				PRODUCT_NAME = "$(TARGET_NAME)";
			};
			name = Release;
		};
		7FBDCF8D1D4F9C90007B6B66 /* Debug */ = {
			isa = XCBuildConfiguration;
			buildSettings = {
				BUNDLE_LOADER = "$(TEST_HOST)";
				INFOPLIST_FILE = "Grouped TableviewcellsTests/Info.plist";
				LD_RUNPATH_SEARCH_PATHS = "$(inherited) @executable_path/Frameworks @loader_path/Frameworks";
				PRODUCT_BUNDLE_IDENTIFIER = "com.chrisstromberg.Grouped-TableviewcellsTests";
				PRODUCT_NAME = "$(TARGET_NAME)";
				TEST_HOST = "$(BUILT_PRODUCTS_DIR)/Grouped Tableviewcells.app/Grouped Tableviewcells";
			};
			name = Debug;
		};
		7FBDCF8E1D4F9C90007B6B66 /* Release */ = {
			isa = XCBuildConfiguration;
			buildSettings = {
				BUNDLE_LOADER = "$(TEST_HOST)";
				INFOPLIST_FILE = "Grouped TableviewcellsTests/Info.plist";
				LD_RUNPATH_SEARCH_PATHS = "$(inherited) @executable_path/Frameworks @loader_path/Frameworks";
				PRODUCT_BUNDLE_IDENTIFIER = "com.chrisstromberg.Grouped-TableviewcellsTests";
				PRODUCT_NAME = "$(TARGET_NAME)";
				TEST_HOST = "$(BUILT_PRODUCTS_DIR)/Grouped Tableviewcells.app/Grouped Tableviewcells";
			};
			name = Release;
		};
		7FBDCF901D4F9C90007B6B66 /* Debug */ = {
			isa = XCBuildConfiguration;
			buildSettings = {
				INFOPLIST_FILE = "Grouped TableviewcellsUITests/Info.plist";
				LD_RUNPATH_SEARCH_PATHS = "$(inherited) @executable_path/Frameworks @loader_path/Frameworks";
				PRODUCT_BUNDLE_IDENTIFIER = "com.chrisstromberg.Grouped-TableviewcellsUITests";
				PRODUCT_NAME = "$(TARGET_NAME)";
				TEST_TARGET_NAME = "Grouped Tableviewcells";
			};
			name = Debug;
		};
		7FBDCF911D4F9C90007B6B66 /* Release */ = {
			isa = XCBuildConfiguration;
			buildSettings = {
				INFOPLIST_FILE = "Grouped TableviewcellsUITests/Info.plist";
				LD_RUNPATH_SEARCH_PATHS = "$(inherited) @executable_path/Frameworks @loader_path/Frameworks";
				PRODUCT_BUNDLE_IDENTIFIER = "com.chrisstromberg.Grouped-TableviewcellsUITests";
				PRODUCT_NAME = "$(TARGET_NAME)";
				TEST_TARGET_NAME = "Grouped Tableviewcells";
			};
			name = Release;
		};
/* End XCBuildConfiguration section */

/* Begin XCConfigurationList section */
		7FBDCF5C1D4F9C8F007B6B66 /* Build configuration list for PBXProject "Grouped Tableviewcells" */ = {
			isa = XCConfigurationList;
			buildConfigurations = (
				7FBDCF871D4F9C90007B6B66 /* Debug */,
				7FBDCF881D4F9C90007B6B66 /* Release */,
			);
			defaultConfigurationIsVisible = 0;
			defaultConfigurationName = Release;
		};
		7FBDCF891D4F9C90007B6B66 /* Build configuration list for PBXNativeTarget "Grouped Tableviewcells" */ = {
			isa = XCConfigurationList;
			buildConfigurations = (
				7FBDCF8A1D4F9C90007B6B66 /* Debug */,
				7FBDCF8B1D4F9C90007B6B66 /* Release */,
			);
			defaultConfigurationIsVisible = 0;
			defaultConfigurationName = Release;
		};
		7FBDCF8C1D4F9C90007B6B66 /* Build configuration list for PBXNativeTarget "Grouped TableviewcellsTests" */ = {
			isa = XCConfigurationList;
			buildConfigurations = (
				7FBDCF8D1D4F9C90007B6B66 /* Debug */,
				7FBDCF8E1D4F9C90007B6B66 /* Release */,
			);
			defaultConfigurationIsVisible = 0;
			defaultConfigurationName = Release;
		};
		7FBDCF8F1D4F9C90007B6B66 /* Build configuration list for PBXNativeTarget "Grouped TableviewcellsUITests" */ = {
			isa = XCConfigurationList;
			buildConfigurations = (
				7FBDCF901D4F9C90007B6B66 /* Debug */,
				7FBDCF911D4F9C90007B6B66 /* Release */,
			);
			defaultConfigurationIsVisible = 0;
			defaultConfigurationName = Release;
		};
/* End XCConfigurationList section */

/* Begin XCVersionGroup section */
		7FBDCFA51D4FF1BA007B6B66 /* groupedTableviewCells.xcdatamodeld */ = {
			isa = XCVersionGroup;
			children = (
				7FBDCFA61D4FF1BA007B6B66 /* groupedTableviewCells.xcdatamodel */,
			);
			currentVersion = 7FBDCFA61D4FF1BA007B6B66 /* groupedTableviewCells.xcdatamodel */;
			name = groupedTableviewCells.xcdatamodeld;
			path = "Grouped Tableviewcells/groupedTableviewCells.xcdatamodeld";
			sourceTree = "<group>";
			versionGroupType = wrapper.xcdatamodel;
		};
/* End XCVersionGroup section */
	};
	rootObject = 7FBDCF591D4F9C8F007B6B66 /* Project object */;
}
